// !$*UTF8*$!
{
	archiveVersion = 1;
	classes = {
	};
	objectVersion = 56;
	objects = {

/* Begin PBXBuildFile section */
		4A2F957842BFB8AB4DAC1CC4 /* AppError.swift in Sources */ = {isa = PBXBuildFile; fileRef = 4A2F9250293F207DE2E94759 /* AppError.swift */; };
		4A2F9CF64C45142A771B526F /* .gitignore in Resources */ = {isa = PBXBuildFile; fileRef = 4A2F993DDF313CF342DC1CF6 /* .gitignore */; };
		C14905432975F622008EB644 /* Local_AuthenticationApp.swift in Sources */ = {isa = PBXBuildFile; fileRef = C14905422975F622008EB644 /* Local_AuthenticationApp.swift */; };
		C14905452975F622008EB644 /* ContentView.swift in Sources */ = {isa = PBXBuildFile; fileRef = C14905442975F622008EB644 /* ContentView.swift */; };
		C14905472975F625008EB644 /* Assets.xcassets in Resources */ = {isa = PBXBuildFile; fileRef = C14905462975F625008EB644 /* Assets.xcassets */; };
		C149054A2975F625008EB644 /* Preview Assets.xcassets in Resources */ = {isa = PBXBuildFile; fileRef = C14905492975F625008EB644 /* Preview Assets.xcassets */; };
		C14905532975FBD5008EB644 /* LocalAuthenticationService.swift in Sources */ = {isa = PBXBuildFile; fileRef = C14905522975FBD5008EB644 /* LocalAuthenticationService.swift */; };
		C1490558297602B4008EB644 /* LockScreenView.swift in Sources */ = {isa = PBXBuildFile; fileRef = C1490557297602B4008EB644 /* LockScreenView.swift */; };
		C149055A297604B7008EB644 /* UnlockWithBiometricsView.swift in Sources */ = {isa = PBXBuildFile; fileRef = C1490559297604B7008EB644 /* UnlockWithBiometricsView.swift */; };
/* End PBXBuildFile section */

/* Begin PBXFileReference section */
		4A2F9250293F207DE2E94759 /* AppError.swift */ = {isa = PBXFileReference; fileEncoding = 4; lastKnownFileType = sourcecode.swift; path = AppError.swift; sourceTree = "<group>"; };
		4A2F993DDF313CF342DC1CF6 /* .gitignore */ = {isa = PBXFileReference; lastKnownFileType = file.gitignore; path = .gitignore; sourceTree = "<group>"; };
		C149053F2975F622008EB644 /* Local Authentication.app */ = {isa = PBXFileReference; explicitFileType = wrapper.application; includeInIndex = 0; path = "Local Authentication.app"; sourceTree = BUILT_PRODUCTS_DIR; };
		C14905422975F622008EB644 /* Local_AuthenticationApp.swift */ = {isa = PBXFileReference; lastKnownFileType = sourcecode.swift; path = Local_AuthenticationApp.swift; sourceTree = "<group>"; };
		C14905442975F622008EB644 /* ContentView.swift */ = {isa = PBXFileReference; lastKnownFileType = sourcecode.swift; path = ContentView.swift; sourceTree = "<group>"; };
		C14905462975F625008EB644 /* Assets.xcassets */ = {isa = PBXFileReference; lastKnownFileType = folder.assetcatalog; path = Assets.xcassets; sourceTree = "<group>"; };
		C14905492975F625008EB644 /* Preview Assets.xcassets */ = {isa = PBXFileReference; lastKnownFileType = folder.assetcatalog; path = "Preview Assets.xcassets"; sourceTree = "<group>"; };
		C14905522975FBD5008EB644 /* LocalAuthenticationService.swift */ = {isa = PBXFileReference; lastKnownFileType = sourcecode.swift; path = LocalAuthenticationService.swift; sourceTree = "<group>"; };
		C1490557297602B4008EB644 /* LockScreenView.swift */ = {isa = PBXFileReference; lastKnownFileType = sourcecode.swift; path = LockScreenView.swift; sourceTree = "<group>"; };
		C1490559297604B7008EB644 /* UnlockWithBiometricsView.swift */ = {isa = PBXFileReference; lastKnownFileType = sourcecode.swift; path = UnlockWithBiometricsView.swift; sourceTree = "<group>"; };
/* End PBXFileReference section */

/* Begin PBXFrameworksBuildPhase section */
		C149053C2975F622008EB644 /* Frameworks */ = {
			isa = PBXFrameworksBuildPhase;
			buildActionMask = 2147483647;
			files = (
			);
			runOnlyForDeploymentPostprocessing = 0;
		};
/* End PBXFrameworksBuildPhase section */

/* Begin PBXGroup section */
		C14905362975F622008EB644 = {
			isa = PBXGroup;
			children = (
				C14905412975F622008EB644 /* Local Authentication */,
				C14905402975F622008EB644 /* Products */,
				4A2F993DDF313CF342DC1CF6 /* .gitignore */,
			);
			sourceTree = "<group>";
		};
		C14905402975F622008EB644 /* Products */ = {
			isa = PBXGroup;
			children = (
				C149053F2975F622008EB644 /* Local Authentication.app */,
			);
			name = Products;
			sourceTree = "<group>";
		};
		C14905412975F622008EB644 /* Local Authentication */ = {
			isa = PBXGroup;
			children = (
				C14905502975FB71008EB644 /* Services */,
				C14905512975FB9C008EB644 /* Views */,
				C14905542975FEC2008EB644 /* Utils */,
				C14905422975F622008EB644 /* Local_AuthenticationApp.swift */,
				C14905442975F622008EB644 /* ContentView.swift */,
				C14905462975F625008EB644 /* Assets.xcassets */,
				C14905482975F625008EB644 /* Preview Content */,
			);
			path = "Local Authentication";
			sourceTree = "<group>";
		};
		C14905482975F625008EB644 /* Preview Content */ = {
			isa = PBXGroup;
			children = (
				C14905492975F625008EB644 /* Preview Assets.xcassets */,
			);
			path = "Preview Content";
			sourceTree = "<group>";
		};
		C14905502975FB71008EB644 /* Services */ = {
			isa = PBXGroup;
			children = (
				C14905522975FBD5008EB644 /* LocalAuthenticationService.swift */,
			);
			path = Services;
			sourceTree = "<group>";
		};
		C14905512975FB9C008EB644 /* Views */ = {
			isa = PBXGroup;
			children = (
				C1490557297602B4008EB644 /* LockScreenView.swift */,
				C1490559297604B7008EB644 /* UnlockWithBiometricsView.swift */,
			);
			path = Views;
			sourceTree = "<group>";
		};
		C14905542975FEC2008EB644 /* Utils */ = {
			isa = PBXGroup;
			children = (
				4A2F9250293F207DE2E94759 /* AppError.swift */,
			);
			path = Utils;
			sourceTree = "<group>";
		};
/* End PBXGroup section */

/* Begin PBXNativeTarget section */
		C149053E2975F622008EB644 /* Local Authentication */ = {
			isa = PBXNativeTarget;
			buildConfigurationList = C149054D2975F625008EB644 /* Build configuration list for PBXNativeTarget "Local Authentication" */;
			buildPhases = (
				C149053B2975F622008EB644 /* Sources */,
				C149053C2975F622008EB644 /* Frameworks */,
				C149053D2975F622008EB644 /* Resources */,
			);
			buildRules = (
			);
			dependencies = (
			);
			name = "Local Authentication";
			productName = "Local Authentication";
			productReference = C149053F2975F622008EB644 /* Local Authentication.app */;
			productType = "com.apple.product-type.application";
		};
/* End PBXNativeTarget section */

/* Begin PBXProject section */
		C14905372975F622008EB644 /* Project object */ = {
			isa = PBXProject;
			attributes = {
				BuildIndependentTargetsInParallel = 1;
				LastSwiftUpdateCheck = 1420;
				LastUpgradeCheck = 1420;
				TargetAttributes = {
					C149053E2975F622008EB644 = {
						CreatedOnToolsVersion = 14.2;
					};
				};
			};
			buildConfigurationList = C149053A2975F622008EB644 /* Build configuration list for PBXProject "Local Authentication" */;
			compatibilityVersion = "Xcode 14.0";
			developmentRegion = en;
			hasScannedForEncodings = 0;
			knownRegions = (
				en,
				Base,
			);
			mainGroup = C14905362975F622008EB644;
			productRefGroup = C14905402975F622008EB644 /* Products */;
			projectDirPath = "";
			projectRoot = "";
			targets = (
				C149053E2975F622008EB644 /* Local Authentication */,
			);
		};
/* End PBXProject section */

/* Begin PBXResourcesBuildPhase section */
		C149053D2975F622008EB644 /* Resources */ = {
			isa = PBXResourcesBuildPhase;
			buildActionMask = 2147483647;
			files = (
				C149054A2975F625008EB644 /* Preview Assets.xcassets in Resources */,
				C14905472975F625008EB644 /* Assets.xcassets in Resources */,
				4A2F9CF64C45142A771B526F /* .gitignore in Resources */,
			);
			runOnlyForDeploymentPostprocessing = 0;
		};
/* End PBXResourcesBuildPhase section */

/* Begin PBXSourcesBuildPhase section */
		C149053B2975F622008EB644 /* Sources */ = {
			isa = PBXSourcesBuildPhase;
			buildActionMask = 2147483647;
			files = (
				C14905532975FBD5008EB644 /* LocalAuthenticationService.swift in Sources */,
				C14905452975F622008EB644 /* ContentView.swift in Sources */,
				C14905432975F622008EB644 /* Local_AuthenticationApp.swift in Sources */,
				C1490558297602B4008EB644 /* LockScreenView.swift in Sources */,
				4A2F957842BFB8AB4DAC1CC4 /* AppError.swift in Sources */,
				C149055A297604B7008EB644 /* UnlockWithBiometricsView.swift in Sources */,
			);
			runOnlyForDeploymentPostprocessing = 0;
		};
/* End PBXSourcesBuildPhase section */

/* Begin XCBuildConfiguration section */
		C149054B2975F625008EB644 /* Debug */ = {
			isa = XCBuildConfiguration;
			buildSettings = {
				ALWAYS_SEARCH_USER_PATHS = NO;
				CLANG_ANALYZER_NONNULL = YES;
				CLANG_ANALYZER_NUMBER_OBJECT_CONVERSION = YES_AGGRESSIVE;
				CLANG_CXX_LANGUAGE_STANDARD = "gnu++20";
				CLANG_ENABLE_MODULES = YES;
				CLANG_ENABLE_OBJC_ARC = YES;
				CLANG_ENABLE_OBJC_WEAK = YES;
				CLANG_WARN_BLOCK_CAPTURE_AUTORELEASING = YES;
				CLANG_WARN_BOOL_CONVERSION = YES;
				CLANG_WARN_COMMA = YES;
				CLANG_WARN_CONSTANT_CONVERSION = YES;
				CLANG_WARN_DEPRECATED_OBJC_IMPLEMENTATIONS = YES;
				CLANG_WARN_DIRECT_OBJC_ISA_USAGE = YES_ERROR;
				CLANG_WARN_DOCUMENTATION_COMMENTS = YES;
				CLANG_WARN_EMPTY_BODY = YES;
				CLANG_WARN_ENUM_CONVERSION = YES;
				CLANG_WARN_INFINITE_RECURSION = YES;
				CLANG_WARN_INT_CONVERSION = YES;
				CLANG_WARN_NON_LITERAL_NULL_CONVERSION = YES;
				CLANG_WARN_OBJC_IMPLICIT_RETAIN_SELF = YES;
				CLANG_WARN_OBJC_LITERAL_CONVERSION = YES;
				CLANG_WARN_OBJC_ROOT_CLASS = YES_ERROR;
				CLANG_WARN_QUOTED_INCLUDE_IN_FRAMEWORK_HEADER = YES;
				CLANG_WARN_RANGE_LOOP_ANALYSIS = YES;
				CLANG_WARN_STRICT_PROTOTYPES = YES;
				CLANG_WARN_SUSPICIOUS_MOVE = YES;
				CLANG_WARN_UNGUARDED_AVAILABILITY = YES_AGGRESSIVE;
				CLANG_WARN_UNREACHABLE_CODE = YES;
				CLANG_WARN__DUPLICATE_METHOD_MATCH = YES;
				COPY_PHASE_STRIP = NO;
				DEBUG_INFORMATION_FORMAT = dwarf;
				ENABLE_STRICT_OBJC_MSGSEND = YES;
				ENABLE_TESTABILITY = YES;
				GCC_C_LANGUAGE_STANDARD = gnu11;
				GCC_DYNAMIC_NO_PIC = NO;
				GCC_NO_COMMON_BLOCKS = YES;
				GCC_OPTIMIZATION_LEVEL = 0;
				GCC_PREPROCESSOR_DEFINITIONS = (
					"DEBUG=1",
					"$(inherited)",
				);
				GCC_WARN_64_TO_32_BIT_CONVERSION = YES;
				GCC_WARN_ABOUT_RETURN_TYPE = YES_ERROR;
				GCC_WARN_UNDECLARED_SELECTOR = YES;
				GCC_WARN_UNINITIALIZED_AUTOS = YES_AGGRESSIVE;
				GCC_WARN_UNUSED_FUNCTION = YES;
				GCC_WARN_UNUSED_VARIABLE = YES;
				IPHONEOS_DEPLOYMENT_TARGET = 16.2;
				MTL_ENABLE_DEBUG_INFO = INCLUDE_SOURCE;
				MTL_FAST_MATH = YES;
				ONLY_ACTIVE_ARCH = YES;
				SDKROOT = iphoneos;
				SWIFT_ACTIVE_COMPILATION_CONDITIONS = DEBUG;
				SWIFT_OPTIMIZATION_LEVEL = "-Onone";
			};
			name = Debug;
		};
		C149054C2975F625008EB644 /* Release */ = {
			isa = XCBuildConfiguration;
			buildSettings = {
				ALWAYS_SEARCH_USER_PATHS = NO;
				CLANG_ANALYZER_NONNULL = YES;
				CLANG_ANALYZER_NUMBER_OBJECT_CONVERSION = YES_AGGRESSIVE;
				CLANG_CXX_LANGUAGE_STANDARD = "gnu++20";
				CLANG_ENABLE_MODULES = YES;
				CLANG_ENABLE_OBJC_ARC = YES;
				CLANG_ENABLE_OBJC_WEAK = YES;
				CLANG_WARN_BLOCK_CAPTURE_AUTORELEASING = YES;
				CLANG_WARN_BOOL_CONVERSION = YES;
				CLANG_WARN_COMMA = YES;
				CLANG_WARN_CONSTANT_CONVERSION = YES;
				CLANG_WARN_DEPRECATED_OBJC_IMPLEMENTATIONS = YES;
				CLANG_WARN_DIRECT_OBJC_ISA_USAGE = YES_ERROR;
				CLANG_WARN_DOCUMENTATION_COMMENTS = YES;
				CLANG_WARN_EMPTY_BODY = YES;
				CLANG_WARN_ENUM_CONVERSION = YES;
				CLANG_WARN_INFINITE_RECURSION = YES;
				CLANG_WARN_INT_CONVERSION = YES;
				CLANG_WARN_NON_LITERAL_NULL_CONVERSION = YES;
				CLANG_WARN_OBJC_IMPLICIT_RETAIN_SELF = YES;
				CLANG_WARN_OBJC_LITERAL_CONVERSION = YES;
				CLANG_WARN_OBJC_ROOT_CLASS = YES_ERROR;
				CLANG_WARN_QUOTED_INCLUDE_IN_FRAMEWORK_HEADER = YES;
				CLANG_WARN_RANGE_LOOP_ANALYSIS = YES;
				CLANG_WARN_STRICT_PROTOTYPES = YES;
				CLANG_WARN_SUSPICIOUS_MOVE = YES;
				CLANG_WARN_UNGUARDED_AVAILABILITY = YES_AGGRESSIVE;
				CLANG_WARN_UNREACHABLE_CODE = YES;
				CLANG_WARN__DUPLICATE_METHOD_MATCH = YES;
				COPY_PHASE_STRIP = NO;
				DEBUG_INFORMATION_FORMAT = "dwarf-with-dsym";
				ENABLE_NS_ASSERTIONS = NO;
				ENABLE_STRICT_OBJC_MSGSEND = YES;
				GCC_C_LANGUAGE_STANDARD = gnu11;
				GCC_NO_COMMON_BLOCKS = YES;
				GCC_WARN_64_TO_32_BIT_CONVERSION = YES;
				GCC_WARN_ABOUT_RETURN_TYPE = YES_ERROR;
				GCC_WARN_UNDECLARED_SELECTOR = YES;
				GCC_WARN_UNINITIALIZED_AUTOS = YES_AGGRESSIVE;
				GCC_WARN_UNUSED_FUNCTION = YES;
				GCC_WARN_UNUSED_VARIABLE = YES;
				IPHONEOS_DEPLOYMENT_TARGET = 16.2;
				MTL_ENABLE_DEBUG_INFO = NO;
				MTL_FAST_MATH = YES;
				SDKROOT = iphoneos;
				SWIFT_COMPILATION_MODE = wholemodule;
				SWIFT_OPTIMIZATION_LEVEL = "-O";
				VALIDATE_PRODUCT = YES;
			};
			name = Release;
		};
		C149054E2975F625008EB644 /* Debug */ = {
			isa = XCBuildConfiguration;
			buildSettings = {
				ASSETCATALOG_COMPILER_APPICON_NAME = AppIcon;
				ASSETCATALOG_COMPILER_GLOBAL_ACCENT_COLOR_NAME = AccentColor;
				CODE_SIGN_STYLE = Automatic;
				CURRENT_PROJECT_VERSION = 1;
				DEVELOPMENT_ASSET_PATHS = "\"Local Authentication/Preview Content\"";
				DEVELOPMENT_TEAM = TD7SBTNXZJ;
				ENABLE_PREVIEWS = YES;
				GENERATE_INFOPLIST_FILE = YES;
				INFOPLIST_KEY_NSFaceIDUsageDescription = "We need to unlock your data.";
				INFOPLIST_KEY_UIApplicationSceneManifest_Generation = YES;
				INFOPLIST_KEY_UIApplicationSupportsIndirectInputEvents = YES;
				INFOPLIST_KEY_UILaunchScreen_Generation = YES;
				INFOPLIST_KEY_UISupportedInterfaceOrientations_iPad = "UIInterfaceOrientationPortrait UIInterfaceOrientationPortraitUpsideDown UIInterfaceOrientationLandscapeLeft UIInterfaceOrientationLandscapeRight";
				INFOPLIST_KEY_UISupportedInterfaceOrientations_iPhone = "UIInterfaceOrientationPortrait UIInterfaceOrientationLandscapeLeft UIInterfaceOrientationLandscapeRight";
				LD_RUNPATH_SEARCH_PATHS = (
					"$(inherited)",
					"@executable_path/Frameworks",
				);
				MARKETING_VERSION = 1.0;
				PRODUCT_BUNDLE_IDENTIFIER = "com.luismdeveloper.Local-Authentication";
				PRODUCT_NAME = "$(TARGET_NAME)";
				SWIFT_EMIT_LOC_STRINGS = YES;
				SWIFT_VERSION = 5.0;
				TARGETED_DEVICE_FAMILY = "1,2";
			};
			name = Debug;
		};
		C149054F2975F625008EB644 /* Release */ = {
			isa = XCBuildConfiguration;
			buildSettings = {
				ASSETCATALOG_COMPILER_APPICON_NAME = AppIcon;
				ASSETCATALOG_COMPILER_GLOBAL_ACCENT_COLOR_NAME = AccentColor;
				CODE_SIGN_STYLE = Automatic;
				CURRENT_PROJECT_VERSION = 1;
				DEVELOPMENT_ASSET_PATHS = "\"Local Authentication/Preview Content\"";
				DEVELOPMENT_TEAM = TD7SBTNXZJ;
				ENABLE_PREVIEWS = YES;
				GENERATE_INFOPLIST_FILE = YES;
				INFOPLIST_KEY_NSFaceIDUsageDescription = "We need to unlock your data.";
				INFOPLIST_KEY_UIApplicationSceneManifest_Generation = YES;
				INFOPLIST_KEY_UIApplicationSupportsIndirectInputEvents = YES;
				INFOPLIST_KEY_UILaunchScreen_Generation = YES;
				INFOPLIST_KEY_UISupportedInterfaceOrientations_iPad = "UIInterfaceOrientationPortrait UIInterfaceOrientationPortraitUpsideDown UIInterfaceOrientationLandscapeLeft UIInterfaceOrientationLandscapeRight";
				INFOPLIST_KEY_UISupportedInterfaceOrientations_iPhone = "UIInterfaceOrientationPortrait UIInterfaceOrientationLandscapeLeft UIInterfaceOrientationLandscapeRight";
				LD_RUNPATH_SEARCH_PATHS = (
					"$(inherited)",
					"@executable_path/Frameworks",
				);
				MARKETING_VERSION = 1.0;
				PRODUCT_BUNDLE_IDENTIFIER = "com.luismdeveloper.Local-Authentication";
				PRODUCT_NAME = "$(TARGET_NAME)";
				SWIFT_EMIT_LOC_STRINGS = YES;
				SWIFT_VERSION = 5.0;
				TARGETED_DEVICE_FAMILY = "1,2";
			};
			name = Release;
		};
/* End XCBuildConfiguration section */

/* Begin XCConfigurationList section */
		C149053A2975F622008EB644 /* Build configuration list for PBXProject "Local Authentication" */ = {
			isa = XCConfigurationList;
			buildConfigurations = (
				C149054B2975F625008EB644 /* Debug */,
				C149054C2975F625008EB644 /* Release */,
			);
			defaultConfigurationIsVisible = 0;
			defaultConfigurationName = Release;
		};
		C149054D2975F625008EB644 /* Build configuration list for PBXNativeTarget "Local Authentication" */ = {
			isa = XCConfigurationList;
			buildConfigurations = (
				C149054E2975F625008EB644 /* Debug */,
				C149054F2975F625008EB644 /* Release */,
			);
			defaultConfigurationIsVisible = 0;
			defaultConfigurationName = Release;
		};
/* End XCConfigurationList section */
	};
	rootObject = C14905372975F622008EB644 /* Project object */;
}
